
Microsoft Visual Studio Solution File, Format Version 12.00
# Visual Studio 15
VisualStudioVersion = 15.0.28010.2003
MinimumVisualStudioVersion = 10.0.40219.1
Project("{FAE04EC0-301F-11D3-BF4B-00C04F79EFBC}") = "IconEntry.Android", "IconEntry\IconEntry.Android\IconEntry.Android.csproj", "{A091C843-3D99-45FE-AF9D-2E8AF4611683}"
EndProject
Project("{FAE04EC0-301F-11D3-BF4B-00C04F79EFBC}") = "IconEntry.iOS", "IconEntry\IconEntry.iOS\IconEntry.iOS.csproj", "{FB659244-BA25-4D28-A209-0444E2F091A7}"
EndProject
Project("{FAE04EC0-301F-11D3-BF4B-00C04F79EFBC}") = "IconEntry", "IconEntry\IconEntry\IconEntry.csproj", "{56F72DEB-2AC8-4740-BAD3-13BE7783BB96}"
EndProject
Global
	GlobalSection(SolutionConfigurationPlatforms) = preSolution
		Ad-Hoc|Any CPU = Ad-Hoc|Any CPU
		Ad-Hoc|iPhone = Ad-Hoc|iPhone
		Ad-Hoc|iPhoneSimulator = Ad-Hoc|iPhoneSimulator
		AppStore|Any CPU = AppStore|Any CPU
		AppStore|iPhone = AppStore|iPhone
		AppStore|iPhoneSimulator = AppStore|iPhoneSimulator
		Debug|Any CPU = Debug|Any CPU
		Debug|iPhone = Debug|iPhone
		Debug|iPhoneSimulator = Debug|iPhoneSimulator
		Release|Any CPU = Release|Any CPU
		Release|iPhone = Release|iPhone
		Release|iPhoneSimulator = Release|iPhoneSimulator
	EndGlobalSection
	GlobalSection(ProjectConfigurationPlatforms) = postSolution
		{A091C843-3D99-45FE-AF9D-2E8AF4611683}.Ad-Hoc|Any CPU.ActiveCfg = Release|Any CPU
		{A091C843-3D99-45FE-AF9D-2E8AF4611683}.Ad-Hoc|Any CPU.Build.0 = Release|Any CPU
		{A091C843-3D99-45FE-AF9D-2E8AF4611683}.Ad-Hoc|Any CPU.Deploy.0 = Release|Any CPU
		{A091C843-3D99-45FE-AF9D-2E8AF4611683}.Ad-Hoc|iPhone.ActiveCfg = Release|Any CPU
		{A091C843-3D99-45FE-AF9D-2E8AF4611683}.Ad-Hoc|iPhone.Build.0 = Release|Any CPU
		{A091C843-3D99-45FE-AF9D-2E8AF4611683}.Ad-Hoc|iPhone.Deploy.0 = Release|Any CPU
		{A091C843-3D99-45FE-AF9D-2E8AF4611683}.Ad-Hoc|iPhoneSimulator.ActiveCfg = Release|Any CPU
		{A091C843-3D99-45FE-AF9D-2E8AF4611683}.Ad-Hoc|iPhoneSimulator.Build.0 = Release|Any CPU
		{A091C843-3D99-45FE-AF9D-2E8AF4611683}.Ad-Hoc|iPhoneSimulator.Deploy.0 = Release|Any CPU
		{A091C843-3D99-45FE-AF9D-2E8AF4611683}.AppStore|Any CPU.ActiveCfg = Release|Any CPU
		{A091C843-3D99-45FE-AF9D-2E8AF4611683}.AppStore|Any CPU.Build.0 = Release|Any CPU
		{A091C843-3D99-45FE-AF9D-2E8AF4611683}.AppStore|Any CPU.Deploy.0 = Release|Any CPU
		{A091C843-3D99-45FE-AF9D-2E8AF4611683}.AppStore|iPhone.ActiveCfg = Release|Any CPU
		{A091C843-3D99-45FE-AF9D-2E8AF4611683}.AppStore|iPhone.Build.0 = Release|Any CPU
		{A091C843-3D99-45FE-AF9D-2E8AF4611683}.AppStore|iPhone.Deploy.0 = Release|Any CPU
		{A091C843-3D99-45FE-AF9D-2E8AF4611683}.AppStore|iPhoneSimulator.ActiveCfg = Release|Any CPU
		{A091C843-3D99-45FE-AF9D-2E8AF4611683}.AppStore|iPhoneSimulator.Build.0 = Release|Any CPU
		{A091C843-3D99-45FE-AF9D-2E8AF4611683}.AppStore|iPhoneSimulator.Deploy.0 = Release|Any CPU
		{A091C843-3D99-45FE-AF9D-2E8AF4611683}.Debug|Any CPU.ActiveCfg = Debug|Any CPU
		{A091C843-3D99-45FE-AF9D-2E8AF4611683}.Debug|Any CPU.Build.0 = Debug|Any CPU
		{A091C843-3D99-45FE-AF9D-2E8AF4611683}.Debug|Any CPU.Deploy.0 = Debug|Any CPU
		{A091C843-3D99-45FE-AF9D-2E8AF4611683}.Debug|iPhone.ActiveCfg = Debug|Any CPU
		{A091C843-3D99-45FE-AF9D-2E8AF4611683}.Debug|iPhone.Build.0 = Debug|Any CPU
		{A091C843-3D99-45FE-AF9D-2E8AF4611683}.Debug|iPhone.Deploy.0 = Debug|Any CPU
		{A091C843-3D99-45FE-AF9D-2E8AF4611683}.Debug|iPhoneSimulator.ActiveCfg = Debug|Any CPU
		{A091C843-3D99-45FE-AF9D-2E8AF4611683}.Debug|iPhoneSimulator.Build.0 = Debug|Any CPU
		{A091C843-3D99-45FE-AF9D-2E8AF4611683}.Debug|iPhoneSimulator.Deploy.0 = Debug|Any CPU
		{A091C843-3D99-45FE-AF9D-2E8AF4611683}.Release|Any CPU.ActiveCfg = Release|Any CPU
		{A091C843-3D99-45FE-AF9D-2E8AF4611683}.Release|Any CPU.Build.0 = Release|Any CPU
		{A091C843-3D99-45FE-AF9D-2E8AF4611683}.Release|Any CPU.Deploy.0 = Release|Any CPU
		{A091C843-3D99-45FE-AF9D-2E8AF4611683}.Release|iPhone.ActiveCfg = Release|Any CPU
		{A091C843-3D99-45FE-AF9D-2E8AF4611683}.Release|iPhone.Build.0 = Release|Any CPU
		{A091C843-3D99-45FE-AF9D-2E8AF4611683}.Release|iPhone.Deploy.0 = Release|Any CPU
		{A091C843-3D99-45FE-AF9D-2E8AF4611683}.Release|iPhoneSimulator.ActiveCfg = Release|Any CPU
		{A091C843-3D99-45FE-AF9D-2E8AF4611683}.Release|iPhoneSimulator.Build.0 = Release|Any CPU
		{A091C843-3D99-45FE-AF9D-2E8AF4611683}.Release|iPhoneSimulator.Deploy.0 = Release|Any CPU
		{FB659244-BA25-4D28-A209-0444E2F091A7}.Ad-Hoc|Any CPU.ActiveCfg = Ad-Hoc|iPhone
		{FB659244-BA25-4D28-A209-0444E2F091A7}.Ad-Hoc|Any CPU.Build.0 = Ad-Hoc|iPhone
		{FB659244-BA25-4D28-A209-0444E2F091A7}.Ad-Hoc|Any CPU.Deploy.0 = Ad-Hoc|iPhone
		{FB659244-BA25-4D28-A209-0444E2F091A7}.Ad-Hoc|iPhone.ActiveCfg = Ad-Hoc|iPhone
		{FB659244-BA25-4D28-A209-0444E2F091A7}.Ad-Hoc|iPhone.Build.0 = Ad-Hoc|iPhone
		{FB659244-BA25-4D28-A209-0444E2F091A7}.Ad-Hoc|iPhone.Deploy.0 = Ad-Hoc|iPhone
		{FB659244-BA25-4D28-A209-0444E2F091A7}.Ad-Hoc|iPhoneSimulator.ActiveCfg = Ad-Hoc|iPhoneSimulator
		{FB659244-BA25-4D28-A209-0444E2F091A7}.Ad-Hoc|iPhoneSimulator.Build.0 = Ad-Hoc|iPhoneSimulator
		{FB659244-BA25-4D28-A209-0444E2F091A7}.Ad-Hoc|iPhoneSimulator.Deploy.0 = Ad-Hoc|iPhoneSimulator
		{FB659244-BA25-4D28-A209-0444E2F091A7}.AppStore|Any CPU.ActiveCfg = AppStore|iPhone
		{FB659244-BA25-4D28-A209-0444E2F091A7}.AppStore|Any CPU.Build.0 = AppStore|iPhone
		{FB659244-BA25-4D28-A209-0444E2F091A7}.AppStore|Any CPU.Deploy.0 = AppStore|iPhone
		{FB659244-BA25-4D28-A209-0444E2F091A7}.AppStore|iPhone.ActiveCfg = AppStore|iPhone
		{FB659244-BA25-4D28-A209-0444E2F091A7}.AppStore|iPhone.Build.0 = AppStore|iPhone
		{FB659244-BA25-4D28-A209-0444E2F091A7}.AppStore|iPhone.Deploy.0 = AppStore|iPhone
		{FB659244-BA25-4D28-A209-0444E2F091A7}.AppStore|iPhoneSimulator.ActiveCfg = AppStore|iPhoneSimulator
		{FB659244-BA25-4D28-A209-0444E2F091A7}.AppStore|iPhoneSimulator.Build.0 = AppStore|iPhoneSimulator
		{FB659244-BA25-4D28-A209-0444E2F091A7}.AppStore|iPhoneSimulator.Deploy.0 = AppStore|iPhoneSimulator
		{FB659244-BA25-4D28-A209-0444E2F091A7}.Debug|Any CPU.ActiveCfg = Debug|iPhoneSimulator
		{FB659244-BA25-4D28-A209-0444E2F091A7}.Debug|Any CPU.Build.0 = Debug|iPhoneSimulator
		{FB659244-BA25-4D28-A209-0444E2F091A7}.Debug|Any CPU.Deploy.0 = Debug|iPhoneSimulator
		{FB659244-BA25-4D28-A209-0444E2F091A7}.Debug|iPhone.ActiveCfg = Debug|iPhone
		{FB659244-BA25-4D28-A209-0444E2F091A7}.Debug|iPhone.Build.0 = Debug|iPhone
		{FB659244-BA25-4D28-A209-0444E2F091A7}.Debug|iPhone.Deploy.0 = Debug|iPhone
		{FB659244-BA25-4D28-A209-0444E2F091A7}.Debug|iPhoneSimulator.ActiveCfg = Debug|iPhoneSimulator
		{FB659244-BA25-4D28-A209-0444E2F091A7}.Debug|iPhoneSimulator.Build.0 = Debug|iPhoneSimulator
		{FB659244-BA25-4D28-A209-0444E2F091A7}.Debug|iPhoneSimulator.Deploy.0 = Debug|iPhoneSimulator
		{FB659244-BA25-4D28-A209-0444E2F091A7}.Release|Any CPU.ActiveCfg = Release|iPhone
		{FB659244-BA25-4D28-A209-0444E2F091A7}.Release|Any CPU.Build.0 = Release|iPhone
		{FB659244-BA25-4D28-A209-0444E2F091A7}.Release|Any CPU.Deploy.0 = Release|iPhone
		{FB659244-BA25-4D28-A209-0444E2F091A7}.Release|iPhone.ActiveCfg = Release|iPhone
		{FB659244-BA25-4D28-A209-0444E2F091A7}.Release|iPhone.Build.0 = Release|iPhone
		{FB659244-BA25-4D28-A209-0444E2F091A7}.Release|iPhone.Deploy.0 = Release|iPhone
		{FB659244-BA25-4D28-A209-0444E2F091A7}.Release|iPhoneSimulator.ActiveCfg = Release|iPhoneSimulator
		{FB659244-BA25-4D28-A209-0444E2F091A7}.Release|iPhoneSimulator.Build.0 = Release|iPhoneSimulator
		{FB659244-BA25-4D28-A209-0444E2F091A7}.Release|iPhoneSimulator.Deploy.0 = Release|iPhoneSimulator
		{56F72DEB-2AC8-4740-BAD3-13BE7783BB96}.Ad-Hoc|Any CPU.ActiveCfg = Debug|Any CPU
		{56F72DEB-2AC8-4740-BAD3-13BE7783BB96}.Ad-Hoc|Any CPU.Build.0 = Debug|Any CPU
		{56F72DEB-2AC8-4740-BAD3-13BE7783BB96}.Ad-Hoc|Any CPU.Deploy.0 = Debug|Any CPU
		{56F72DEB-2AC8-4740-BAD3-13BE7783BB96}.Ad-Hoc|iPhone.ActiveCfg = Debug|Any CPU
		{56F72DEB-2AC8-4740-BAD3-13BE7783BB96}.Ad-Hoc|iPhone.Build.0 = Debug|Any CPU
		{56F72DEB-2AC8-4740-BAD3-13BE7783BB96}.Ad-Hoc|iPhone.Deploy.0 = Debug|Any CPU
		{56F72DEB-2AC8-4740-BAD3-13BE7783BB96}.Ad-Hoc|iPhoneSimulator.ActiveCfg = Debug|Any CPU
		{56F72DEB-2AC8-4740-BAD3-13BE7783BB96}.Ad-Hoc|iPhoneSimulator.Build.0 = Debug|Any CPU
		{56F72DEB-2AC8-4740-BAD3-13BE7783BB96}.Ad-Hoc|iPhoneSimulator.Deploy.0 = Debug|Any CPU
		{56F72DEB-2AC8-4740-BAD3-13BE7783BB96}.AppStore|Any CPU.ActiveCfg = Debug|Any CPU
		{56F72DEB-2AC8-4740-BAD3-13BE7783BB96}.AppStore|Any CPU.Build.0 = Debug|Any CPU
		{56F72DEB-2AC8-4740-BAD3-13BE7783BB96}.AppStore|Any CPU.Deploy.0 = Debug|Any CPU
		{56F72DEB-2AC8-4740-BAD3-13BE7783BB96}.AppStore|iPhone.ActiveCfg = Debug|Any CPU
		{56F72DEB-2AC8-4740-BAD3-13BE7783BB96}.AppStore|iPhone.Build.0 = Debug|Any CPU
		{56F72DEB-2AC8-4740-BAD3-13BE7783BB96}.AppStore|iPhone.Deploy.0 = Debug|Any CPU
		{56F72DEB-2AC8-4740-BAD3-13BE7783BB96}.AppStore|iPhoneSimulator.ActiveCfg = Debug|Any CPU
		{56F72DEB-2AC8-4740-BAD3-13BE7783BB96}.AppStore|iPhoneSimulator.Build.0 = Debug|Any CPU
		{56F72DEB-2AC8-4740-BAD3-13BE7783BB96}.AppStore|iPhoneSimulator.Deploy.0 = Debug|Any CPU
		{56F72DEB-2AC8-4740-BAD3-13BE7783BB96}.Debug|Any CPU.ActiveCfg = Debug|Any CPU
		{56F72DEB-2AC8-4740-BAD3-13BE7783BB96}.Debug|Any CPU.Build.0 = Debug|Any CPU
		{56F72DEB-2AC8-4740-BAD3-13BE7783BB96}.Debug|Any CPU.Deploy.0 = Debug|Any CPU
		{56F72DEB-2AC8-4740-BAD3-13BE7783BB96}.Debug|iPhone.ActiveCfg = Debug|Any CPU
		{56F72DEB-2AC8-4740-BAD3-13BE7783BB96}.Debug|iPhone.Build.0 = Debug|Any CPU
		{56F72DEB-2AC8-4740-BAD3-13BE7783BB96}.Debug|iPhone.Deploy.0 = Debug|Any CPU
		{56F72DEB-2AC8-4740-BAD3-13BE7783BB96}.Debug|iPhoneSimulator.ActiveCfg = Debug|Any CPU
		{56F72DEB-2AC8-4740-BAD3-13BE7783BB96}.Debug|iPhoneSimulator.Build.0 = Debug|Any CPU
		{56F72DEB-2AC8-4740-BAD3-13BE7783BB96}.Debug|iPhoneSimulator.Deploy.0 = Debug|Any CPU
		{56F72DEB-2AC8-4740-BAD3-13BE7783BB96}.Release|Any CPU.ActiveCfg = Release|Any CPU
		{56F72DEB-2AC8-4740-BAD3-13BE7783BB96}.Release|Any CPU.Build.0 = Release|Any CPU
		{56F72DEB-2AC8-4740-BAD3-13BE7783BB96}.Release|Any CPU.Deploy.0 = Release|Any CPU
		{56F72DEB-2AC8-4740-BAD3-13BE7783BB96}.Release|iPhone.ActiveCfg = Release|Any CPU
		{56F72DEB-2AC8-4740-BAD3-13BE7783BB96}.Release|iPhone.Build.0 = Release|Any CPU
		{56F72DEB-2AC8-4740-BAD3-13BE7783BB96}.Release|iPhone.Deploy.0 = Release|Any CPU
		{56F72DEB-2AC8-4740-BAD3-13BE7783BB96}.Release|iPhoneSimulator.ActiveCfg = Release|Any CPU
		{56F72DEB-2AC8-4740-BAD3-13BE7783BB96}.Release|iPhoneSimulator.Build.0 = Release|Any CPU
		{56F72DEB-2AC8-4740-BAD3-13BE7783BB96}.Release|iPhoneSimulator.Deploy.0 = Release|Any CPU
	EndGlobalSection
	GlobalSection(SolutionProperties) = preSolution
		HideSolutionNode = FALSE
	EndGlobalSection
	GlobalSection(ExtensibilityGlobals) = postSolution
		SolutionGuid = {CAF3E286-2B9B-4A5E-AEA6-B8B643E07D6D}
	EndGlobalSection
EndGlobal
